
Microsoft Visual Studio Solution File, Format Version 12.00
# Visual Studio Version 16
VisualStudioVersion = 16.0.30611.23
MinimumVisualStudioVersion = 10.0.40219.1
Project("{FAE04EC0-301F-11D3-BF4B-00C04F79EFBC}") = "focus", "focus\focus.csproj", "{268332FC-C990-4233-AFF4-2425D7B0DEC3}"
EndProject
Global
	GlobalSection(SolutionConfigurationPlatforms) = preSolution
		Debug|Any CPU = Debug|Any CPU
		Release|Any CPU = Release|Any CPU
	EndGlobalSection
	GlobalSection(ProjectConfigurationPlatforms) = postSolution
		{268332FC-C990-4233-AFF4-2425D7B0DEC3}.Debug|Any CPU.ActiveCfg = Debug|Any CPU
		{268332FC-C990-4233-AFF4-2425D7B0DEC3}.Debug|Any CPU.Build.0 = Debug|Any CPU
		{268332FC-C990-4233-AFF4-2425D7B0DEC3}.Release|Any CPU.ActiveCfg = Release|Any CPU
		{268332FC-C990-4233-AFF4-2425D7B0DEC3}.Release|Any CPU.Build.0 = Release|Any CPU
	EndGlobalSection
	GlobalSection(SolutionProperties) = preSolution
		HideSolutionNode = FALSE
	EndGlobalSection
	GlobalSection(ExtensibilityGlobals) = postSolution
		SolutionGuid = {D101FDD3-F4D5-40C2-9377-A87141725019}
	EndGlobalSection
EndGlobal
